
Microsoft Visual Studio Solution File, Format Version 12.00
# Visual Studio 2013
VisualStudioVersion = 12.0.30501.0
MinimumVisualStudioVersion = 10.0.40219.1
Project("{2150E333-8FDC-42A3-9474-1A3956D46DE8}") = "1. Presentation Layer", "1. Presentation Layer", "{380CD418-CAC4-43C5-8E8C-481EA7D7A57A}"
EndProject
Project("{2150E333-8FDC-42A3-9474-1A3956D46DE8}") = "2. Hosting Layer", "2. Hosting Layer", "{55B541B6-886A-439C-A96A-C1B39E4F2AAC}"
EndProject
Project("{2150E333-8FDC-42A3-9474-1A3956D46DE8}") = "3. Service Layer", "3. Service Layer", "{88E0C8FB-E45B-45DA-8A3F-3D5D03B885EE}"
EndProject
Project("{2150E333-8FDC-42A3-9474-1A3956D46DE8}") = "4. Business Layer", "4. Business Layer", "{3C786875-BD95-4EFD-941E-358E0D8661A3}"
EndProject
Project("{2150E333-8FDC-42A3-9474-1A3956D46DE8}") = "5. Data Layer", "5. Data Layer", "{DCF3C69D-07C9-4829-8CD4-1C782C42EF67}"
EndProject
Project("{2150E333-8FDC-42A3-9474-1A3956D46DE8}") = "6. Framework", "6. Framework", "{370A8903-A066-4A4D-B36A-F2132CA483F9}"
EndProject
Project("{2150E333-8FDC-42A3-9474-1A3956D46DE8}") = "2. Client API", "2. Client API", "{855155A4-1287-464D-9A90-B24657DAA663}"
EndProject
Project("{2150E333-8FDC-42A3-9474-1A3956D46DE8}") = "Testing", "Testing", "{5FB68B61-1A31-4F1B-A169-C092D52E4621}"
EndProject
Project("{FAE04EC0-301F-11D3-BF4B-00C04F79EFBC}") = "TestClientNuget", "TestClientNuget\TestClientNuget.csproj", "{77156690-CB2D-412B-B8F6-2FF0D86A8E72}"
EndProject
Project("{FAE04EC0-301F-11D3-BF4B-00C04F79EFBC}") = "Configly.WebDashboard", "Configly.WebDashboard\Configly.WebDashboard.csproj", "{66056CA8-A8E7-4CBC-95B6-71D5F4AACFA5}"
EndProject
Project("{FAE04EC0-301F-11D3-BF4B-00C04F79EFBC}") = "Configly.DAL", "Configly.DAL\Configly.DAL.csproj", "{244AB23E-7E78-47F8-BEED-1E28B1F1C920}"
EndProject
Project("{FAE04EC0-301F-11D3-BF4B-00C04F79EFBC}") = "Configly.DAL.Tests", "Configly.DAL.Tests\Configly.DAL.Tests.csproj", "{2B844742-851D-4981-B78D-D328D99505A6}"
EndProject
Project("{FAE04EC0-301F-11D3-BF4B-00C04F79EFBC}") = "Configly.Entities", "Configly.Entities\Configly.Entities.csproj", "{0F8D929A-688C-4913-9472-A802C60D0BC6}"
EndProject
Project("{FAE04EC0-301F-11D3-BF4B-00C04F79EFBC}") = "Configly.Services", "Configly.Services\Configly.Services.csproj", "{A5FF8550-1FC7-4A69-A8E3-0CBE70F0551E}"
EndProject
Project("{FAE04EC0-301F-11D3-BF4B-00C04F79EFBC}") = "Configly.Services.Tests", "Configly.Services.Tests\Configly.Services.Tests.csproj", "{56710E38-B1E3-4EAD-A78B-4938D01A3487}"
EndProject
Project("{FAE04EC0-301F-11D3-BF4B-00C04F79EFBC}") = "Configly.Store", "Configly.Store\Configly.Store.csproj", "{8CDE7B5F-45D6-449F-B824-387F2218904E}"
EndProject
Project("{FAE04EC0-301F-11D3-BF4B-00C04F79EFBC}") = "Configly.Store.Tests", "Configly.Store.Tests\Configly.Store.Tests.csproj", "{3F1CE1DC-9FDC-4E0A-A35D-E470E8D37683}"
EndProject
Project("{FAE04EC0-301F-11D3-BF4B-00C04F79EFBC}") = "Configly.TestClientApp", "Configly.TestClientApp\Configly.TestClientApp.csproj", "{07B4B5F2-7338-4A7A-A355-5D574AF3A5A5}"
EndProject
Global
	GlobalSection(SolutionConfigurationPlatforms) = preSolution
		Debug|Any CPU = Debug|Any CPU
		Release|Any CPU = Release|Any CPU
	EndGlobalSection
	GlobalSection(ProjectConfigurationPlatforms) = postSolution
		{77156690-CB2D-412B-B8F6-2FF0D86A8E72}.Debug|Any CPU.ActiveCfg = Debug|Any CPU
		{77156690-CB2D-412B-B8F6-2FF0D86A8E72}.Debug|Any CPU.Build.0 = Debug|Any CPU
		{77156690-CB2D-412B-B8F6-2FF0D86A8E72}.Release|Any CPU.ActiveCfg = Release|Any CPU
		{77156690-CB2D-412B-B8F6-2FF0D86A8E72}.Release|Any CPU.Build.0 = Release|Any CPU
		{66056CA8-A8E7-4CBC-95B6-71D5F4AACFA5}.Debug|Any CPU.ActiveCfg = Debug|Any CPU
		{66056CA8-A8E7-4CBC-95B6-71D5F4AACFA5}.Debug|Any CPU.Build.0 = Debug|Any CPU
		{66056CA8-A8E7-4CBC-95B6-71D5F4AACFA5}.Release|Any CPU.ActiveCfg = Release|Any CPU
		{66056CA8-A8E7-4CBC-95B6-71D5F4AACFA5}.Release|Any CPU.Build.0 = Release|Any CPU
		{244AB23E-7E78-47F8-BEED-1E28B1F1C920}.Debug|Any CPU.ActiveCfg = Debug|Any CPU
		{244AB23E-7E78-47F8-BEED-1E28B1F1C920}.Debug|Any CPU.Build.0 = Debug|Any CPU
		{244AB23E-7E78-47F8-BEED-1E28B1F1C920}.Release|Any CPU.ActiveCfg = Release|Any CPU
		{244AB23E-7E78-47F8-BEED-1E28B1F1C920}.Release|Any CPU.Build.0 = Release|Any CPU
		{2B844742-851D-4981-B78D-D328D99505A6}.Debug|Any CPU.ActiveCfg = Debug|Any CPU
		{2B844742-851D-4981-B78D-D328D99505A6}.Debug|Any CPU.Build.0 = Debug|Any CPU
		{2B844742-851D-4981-B78D-D328D99505A6}.Release|Any CPU.ActiveCfg = Release|Any CPU
		{2B844742-851D-4981-B78D-D328D99505A6}.Release|Any CPU.Build.0 = Release|Any CPU
		{0F8D929A-688C-4913-9472-A802C60D0BC6}.Debug|Any CPU.ActiveCfg = Debug|Any CPU
		{0F8D929A-688C-4913-9472-A802C60D0BC6}.Debug|Any CPU.Build.0 = Debug|Any CPU
		{0F8D929A-688C-4913-9472-A802C60D0BC6}.Release|Any CPU.ActiveCfg = Release|Any CPU
		{0F8D929A-688C-4913-9472-A802C60D0BC6}.Release|Any CPU.Build.0 = Release|Any CPU
		{A5FF8550-1FC7-4A69-A8E3-0CBE70F0551E}.Debug|Any CPU.ActiveCfg = Debug|Any CPU
		{A5FF8550-1FC7-4A69-A8E3-0CBE70F0551E}.Debug|Any CPU.Build.0 = Debug|Any CPU
		{A5FF8550-1FC7-4A69-A8E3-0CBE70F0551E}.Release|Any CPU.ActiveCfg = Release|Any CPU
		{A5FF8550-1FC7-4A69-A8E3-0CBE70F0551E}.Release|Any CPU.Build.0 = Release|Any CPU
		{56710E38-B1E3-4EAD-A78B-4938D01A3487}.Debug|Any CPU.ActiveCfg = Debug|Any CPU
		{56710E38-B1E3-4EAD-A78B-4938D01A3487}.Debug|Any CPU.Build.0 = Debug|Any CPU
		{56710E38-B1E3-4EAD-A78B-4938D01A3487}.Release|Any CPU.ActiveCfg = Release|Any CPU
		{56710E38-B1E3-4EAD-A78B-4938D01A3487}.Release|Any CPU.Build.0 = Release|Any CPU
		{8CDE7B5F-45D6-449F-B824-387F2218904E}.Debug|Any CPU.ActiveCfg = Debug|Any CPU
		{8CDE7B5F-45D6-449F-B824-387F2218904E}.Debug|Any CPU.Build.0 = Debug|Any CPU
		{8CDE7B5F-45D6-449F-B824-387F2218904E}.Release|Any CPU.ActiveCfg = Release|Any CPU
		{8CDE7B5F-45D6-449F-B824-387F2218904E}.Release|Any CPU.Build.0 = Release|Any CPU
		{3F1CE1DC-9FDC-4E0A-A35D-E470E8D37683}.Debug|Any CPU.ActiveCfg = Debug|Any CPU
		{3F1CE1DC-9FDC-4E0A-A35D-E470E8D37683}.Debug|Any CPU.Build.0 = Debug|Any CPU
		{3F1CE1DC-9FDC-4E0A-A35D-E470E8D37683}.Release|Any CPU.ActiveCfg = Release|Any CPU
		{3F1CE1DC-9FDC-4E0A-A35D-E470E8D37683}.Release|Any CPU.Build.0 = Release|Any CPU
		{07B4B5F2-7338-4A7A-A355-5D574AF3A5A5}.Debug|Any CPU.ActiveCfg = Debug|Any CPU
		{07B4B5F2-7338-4A7A-A355-5D574AF3A5A5}.Debug|Any CPU.Build.0 = Debug|Any CPU
		{07B4B5F2-7338-4A7A-A355-5D574AF3A5A5}.Release|Any CPU.ActiveCfg = Release|Any CPU
		{07B4B5F2-7338-4A7A-A355-5D574AF3A5A5}.Release|Any CPU.Build.0 = Release|Any CPU
	EndGlobalSection
	GlobalSection(SolutionProperties) = preSolution
		HideSolutionNode = FALSE
	EndGlobalSection
	GlobalSection(NestedProjects) = preSolution
		{77156690-CB2D-412B-B8F6-2FF0D86A8E72} = {5FB68B61-1A31-4F1B-A169-C092D52E4621}
		{66056CA8-A8E7-4CBC-95B6-71D5F4AACFA5} = {380CD418-CAC4-43C5-8E8C-481EA7D7A57A}
		{244AB23E-7E78-47F8-BEED-1E28B1F1C920} = {DCF3C69D-07C9-4829-8CD4-1C782C42EF67}
		{2B844742-851D-4981-B78D-D328D99505A6} = {DCF3C69D-07C9-4829-8CD4-1C782C42EF67}
		{0F8D929A-688C-4913-9472-A802C60D0BC6} = {3C786875-BD95-4EFD-941E-358E0D8661A3}
		{A5FF8550-1FC7-4A69-A8E3-0CBE70F0551E} = {88E0C8FB-E45B-45DA-8A3F-3D5D03B885EE}
		{56710E38-B1E3-4EAD-A78B-4938D01A3487} = {88E0C8FB-E45B-45DA-8A3F-3D5D03B885EE}
		{8CDE7B5F-45D6-449F-B824-387F2218904E} = {855155A4-1287-464D-9A90-B24657DAA663}
		{3F1CE1DC-9FDC-4E0A-A35D-E470E8D37683} = {855155A4-1287-464D-9A90-B24657DAA663}
		{07B4B5F2-7338-4A7A-A355-5D574AF3A5A5} = {5FB68B61-1A31-4F1B-A169-C092D52E4621}
	EndGlobalSection
EndGlobal
